
Microsoft Visual Studio Solution File, Format Version 12.00
# Visual Studio Version 16
VisualStudioVersion = 16.0.28922.388
MinimumVisualStudioVersion = 10.0.40219.1
Project("{9A19103F-16F7-4668-BE54-9A1E7A4F7556}") = "BinaryTree.01.Introduction", "BinaryTree.01.Introduction\BinaryTree.01.Introduction.csproj", "{9F920497-13C0-4844-B4FD-6ACEC7BC6124}"
EndProject
Project("{9A19103F-16F7-4668-BE54-9A1E7A4F7556}") = "BinaryTree.02.PreOrderTraversal", "BinaryTree.02.PreOrderTraversal\BinaryTree.02.PreOrderTraversal.csproj", "{101DBBA6-CCED-4862-9B7B-CF22DCDEFD93}"
EndProject
Project("{9A19103F-16F7-4668-BE54-9A1E7A4F7556}") = "BinaryTree.03.Check2TreeIsIdentical", "BinaryTreee.03.Check2TreeIsIdentical\BinaryTree.03.Check2TreeIsIdentical.csproj", "{0C028E4A-BBF4-4F9C-B6C5-CC24326836E7}"
EndProject
Project("{9A19103F-16F7-4668-BE54-9A1E7A4F7556}") = "BinaryTree", "BinaryTree\BinaryTree.csproj", "{6A3B0C1F-31AD-4AA3-B1DE-9A71AC5B2A6A}"
EndProject
Project("{9A19103F-16F7-4668-BE54-9A1E7A4F7556}") = "BinaryTree.04.GetHeight", "BinaryTree.04.GetHeight\BinaryTree.04.GetHeight.csproj", "{8AD05841-7F6F-4A2E-BFFB-4FAC369B279F}"
EndProject
Project("{9A19103F-16F7-4668-BE54-9A1E7A4F7556}") = "BinaryTree.05.DeleteGivenTree", "BinaryTree.05.DeleteGivenTree\BinaryTree.05.DeleteGivenTree.csproj", "{D7A0901F-7CBE-4198-994A-D96A4335F83D}"
EndProject
Project("{9A19103F-16F7-4668-BE54-9A1E7A4F7556}") = "BinaryTree.06.InorderTravesal", "BinaryTree.06.InorderTravesal\BinaryTree.06.InorderTravesal.csproj", "{CCDAE36A-B6F2-4F45-91EC-3316805523E1}"
EndProject
Project("{9A19103F-16F7-4668-BE54-9A1E7A4F7556}") = "BinaryTree.07.PreOrderTravesal", "BinaryTree.07.PreOrderTravesal\BinaryTree.07.PreOrderTravesal.csproj", "{52A79D06-39D2-436B-8D24-68FD2E1BC0FF}"
EndProject
Project("{9A19103F-16F7-4668-BE54-9A1E7A4F7556}") = "BinaryTree.08.PostOrderTravesal", "BinaryTree.08.PostOrderTravesal\BinaryTree.08.PostOrderTravesal.csproj", "{ECCC30C1-E275-466C-A9B2-37D8A1FA856D}"
EndProject
Project("{9A19103F-16F7-4668-BE54-9A1E7A4F7556}") = "BinaryTree.09.LevelOrderTravesal", "BinaryTree.09.LevelOrderTravesal\BinaryTree.09.LevelOrderTravesal.csproj", "{AA070445-2F62-4364-B157-29081562B478}"
EndProject
Project("{9A19103F-16F7-4668-BE54-9A1E7A4F7556}") = "BinaryTree.10.SpirialOrderTraversal", "BinaryTree.10.SpirialOrderTraversal\BinaryTree.10.SpirialOrderTraversal.csproj", "{7E64C186-15E9-4E9F-95CB-7B230D4926B0}"
EndProject
Project("{9A19103F-16F7-4668-BE54-9A1E7A4F7556}") = "BinaryTree.11.ReverseLevelOrderTree", "BinaryTree.11.ReverseLevelOrderTree\BinaryTree.11.ReverseLevelOrderTree.csproj", "{EEAE0871-A6F5-49B1-834B-AEF0EACD4F21}"
EndProject
Project("{9A19103F-16F7-4668-BE54-9A1E7A4F7556}") = "BinaryTree.12.PrintNodeTopDown", "BinaryTree.12.PrintNodeTopDown\BinaryTree.12.PrintNodeTopDown.csproj", "{E6B55C4A-98B4-49BA-8AD0-FA953207289D}"
EndProject
Project("{9A19103F-16F7-4668-BE54-9A1E7A4F7556}") = "BinaryTree.13.PrintLeftViewOfTree", "BinaryTree.13.PrintLeftViewOfTree\BinaryTree.13.PrintLeftViewOfTree.csproj", "{626A477E-ACE6-47F5-A483-E33725A41995}"
EndProject
Project("{9A19103F-16F7-4668-BE54-9A1E7A4F7556}") = "BinaryTree.14.PrintRightViewOfTree", "BinaryTree.14.PrintRightViewOfTree\BinaryTree.14.PrintRightViewOfTree.csproj", "{103969E8-0F7C-4D75-9BA2-72FEF02FBDAA}"
EndProject
Project("{9A19103F-16F7-4668-BE54-9A1E7A4F7556}") = "BinaryTree.15.PrintBottomViewOfTree", "BinaryTree.15.PrintBottomViewOfTree\BinaryTree.15.PrintBottomViewOfTree.csproj", "{D79F0118-BDC1-4620-923F-88B89F712847}"
EndProject
Project("{9A19103F-16F7-4668-BE54-9A1E7A4F7556}") = "BinaryTree.16.PrintTopViewOfTree", "BinaryTree.16.PrintTopViewOfTree\BinaryTree.16.PrintTopViewOfTree.csproj", "{B632A484-2390-45F9-A2BC-82F89D6C9C21}"
EndProject
Project("{9A19103F-16F7-4668-BE54-9A1E7A4F7556}") = "BinaryTree.17.FindNextNodeSameLevel", "BinaryTree.17.FindNextNodeSameLevel\BinaryTree.17.FindNextNodeSameLevel.csproj", "{61D6BA13-C049-4AAA-99ED-250CDD9E112E}"
EndProject
Project("{9A19103F-16F7-4668-BE54-9A1E7A4F7556}") = "BinaryTree.18.CheckCompleteTreeOrNot", "BinaryTree.18.CheckCompleteTreeOrNot\BinaryTree.18.CheckCompleteTreeOrNot.csproj", "{D4922D8E-00BE-4F5F-8410-08EDE6C09D3E}"
EndProject
Project("{9A19103F-16F7-4668-BE54-9A1E7A4F7556}") = "BinaryTree.19.CheckCousin", "BinaryTree.19.CheckCousin\BinaryTree.19.CheckCousin.csproj", "{0A6B083D-CFD6-4512-8602-B42CCF1FF430}"
EndProject
Project("{9A19103F-16F7-4668-BE54-9A1E7A4F7556}") = "BinaryTree.20.FindCousins", "BinayTree.20.FindCousins\BinaryTree.20.FindCousins.csproj", "{69BBE5DF-7D57-4356-8CDE-D29D9E4E3020}"
EndProject
Project("{9A19103F-16F7-4668-BE54-9A1E7A4F7556}") = "BinaryTree.21.ConvertTreeToSumTree", "BinaryTree.21.ConvertTreeToSumTree\BinaryTree.21.ConvertTreeToSumTree.csproj", "{24CD4A25-0E12-443C-8900-8DC35725FFD2}"
EndProject
Project("{9A19103F-16F7-4668-BE54-9A1E7A4F7556}") = "BinaryTree.22.CheckIfGivenTreeIsSumTree", "BinaryTree.22.CheckIfGivenTreeIsSumTree\BinaryTree.22.CheckIfGivenTreeIsSumTree.csproj", "{5E151B40-1508-49C3-8119-A3CBD63F8D84}"
EndProject
Project("{9A19103F-16F7-4668-BE54-9A1E7A4F7556}") = "BinaryTree.23.CheckIfGivenTreeIsASubTree", "BinaryTree.23.CheckIfGivenTreeIsASubTree\BinaryTree.23.CheckIfGivenTreeIsASubTree.csproj", "{7D1307B6-C99B-40B8-8EF7-B85F078E1439}"
EndProject
Project("{9A19103F-16F7-4668-BE54-9A1E7A4F7556}") = "BinaryTree.24.GetDiameter", "BinaryTree.24.GetDiameter\BinaryTree.24.GetDiameter.csproj", "{3C30C4CD-A2C2-43A0-A40B-FDAFA0D24A56}"
EndProject
Project("{9A19103F-16F7-4668-BE54-9A1E7A4F7556}") = "BinaryTree.25.IsSymetricTree", "BinaryTree.25.IsSymetricTree\BinaryTree.25.IsSymetricTree.csproj", "{280E1F1D-C031-423B-9E38-06435915ED78}"
EndProject
Project("{9A19103F-16F7-4668-BE54-9A1E7A4F7556}") = "BinaryTree.26.ConvertToMirror", "BinaryTree.26.ConvertToMirror\BinaryTree.26.ConvertToMirror.csproj", "{D1D8C385-9FBA-4174-8FDA-FE723B3239EB}"
EndProject
Project("{9A19103F-16F7-4668-BE54-9A1E7A4F7556}") = "BinaryTree.27.DetermineIfBinaryTreeCanbeConverted", "BinaryTree.27.DetermineIfBinaryTreeCanbeConverted\BinaryTree.27.DetermineIfBinaryTreeCanbeConverted.csproj", "{0A60CB13-36F0-47A1-83A3-F0255806A97C}"
EndProject
Project("{FAE04EC0-301F-11D3-BF4B-00C04F79EFBC}") = "BinaryTree.28.FindLowerCommonAncestor", "BinaryTree.28.FindLowerCommonAncestor\BinaryTree.28.FindLowerCommonAncestor.csproj", "{BC65F9AF-97D9-4DBC-A299-FB3CCF371342}"
EndProject
Project("{FAE04EC0-301F-11D3-BF4B-00C04F79EFBC}") = "BinaryTree.29.PrintPathsFromRootToBotoom", "BinaryTree.29.PrintPathsFromRootToBotoom\BinaryTree.29.PrintPathsFromRootToBotoom.csproj", "{72941BB7-608A-4F3E-A1D1-E0EB459516BA}"
EndProject
Global
	GlobalSection(SolutionConfigurationPlatforms) = preSolution
		Debug|Any CPU = Debug|Any CPU
		Release|Any CPU = Release|Any CPU
	EndGlobalSection
	GlobalSection(ProjectConfigurationPlatforms) = postSolution
		{9F920497-13C0-4844-B4FD-6ACEC7BC6124}.Debug|Any CPU.ActiveCfg = Debug|Any CPU
		{9F920497-13C0-4844-B4FD-6ACEC7BC6124}.Debug|Any CPU.Build.0 = Debug|Any CPU
		{9F920497-13C0-4844-B4FD-6ACEC7BC6124}.Release|Any CPU.ActiveCfg = Release|Any CPU
		{9F920497-13C0-4844-B4FD-6ACEC7BC6124}.Release|Any CPU.Build.0 = Release|Any CPU
		{101DBBA6-CCED-4862-9B7B-CF22DCDEFD93}.Debug|Any CPU.ActiveCfg = Debug|Any CPU
		{101DBBA6-CCED-4862-9B7B-CF22DCDEFD93}.Debug|Any CPU.Build.0 = Debug|Any CPU
		{101DBBA6-CCED-4862-9B7B-CF22DCDEFD93}.Release|Any CPU.ActiveCfg = Release|Any CPU
		{101DBBA6-CCED-4862-9B7B-CF22DCDEFD93}.Release|Any CPU.Build.0 = Release|Any CPU
		{0C028E4A-BBF4-4F9C-B6C5-CC24326836E7}.Debug|Any CPU.ActiveCfg = Debug|Any CPU
		{0C028E4A-BBF4-4F9C-B6C5-CC24326836E7}.Debug|Any CPU.Build.0 = Debug|Any CPU
		{0C028E4A-BBF4-4F9C-B6C5-CC24326836E7}.Release|Any CPU.ActiveCfg = Release|Any CPU
		{0C028E4A-BBF4-4F9C-B6C5-CC24326836E7}.Release|Any CPU.Build.0 = Release|Any CPU
		{6A3B0C1F-31AD-4AA3-B1DE-9A71AC5B2A6A}.Debug|Any CPU.ActiveCfg = Debug|Any CPU
		{6A3B0C1F-31AD-4AA3-B1DE-9A71AC5B2A6A}.Debug|Any CPU.Build.0 = Debug|Any CPU
		{6A3B0C1F-31AD-4AA3-B1DE-9A71AC5B2A6A}.Release|Any CPU.ActiveCfg = Release|Any CPU
		{6A3B0C1F-31AD-4AA3-B1DE-9A71AC5B2A6A}.Release|Any CPU.Build.0 = Release|Any CPU
		{8AD05841-7F6F-4A2E-BFFB-4FAC369B279F}.Debug|Any CPU.ActiveCfg = Debug|Any CPU
		{8AD05841-7F6F-4A2E-BFFB-4FAC369B279F}.Debug|Any CPU.Build.0 = Debug|Any CPU
		{8AD05841-7F6F-4A2E-BFFB-4FAC369B279F}.Release|Any CPU.ActiveCfg = Release|Any CPU
		{8AD05841-7F6F-4A2E-BFFB-4FAC369B279F}.Release|Any CPU.Build.0 = Release|Any CPU
		{D7A0901F-7CBE-4198-994A-D96A4335F83D}.Debug|Any CPU.ActiveCfg = Debug|Any CPU
		{D7A0901F-7CBE-4198-994A-D96A4335F83D}.Debug|Any CPU.Build.0 = Debug|Any CPU
		{D7A0901F-7CBE-4198-994A-D96A4335F83D}.Release|Any CPU.ActiveCfg = Release|Any CPU
		{D7A0901F-7CBE-4198-994A-D96A4335F83D}.Release|Any CPU.Build.0 = Release|Any CPU
		{CCDAE36A-B6F2-4F45-91EC-3316805523E1}.Debug|Any CPU.ActiveCfg = Debug|Any CPU
		{CCDAE36A-B6F2-4F45-91EC-3316805523E1}.Debug|Any CPU.Build.0 = Debug|Any CPU
		{CCDAE36A-B6F2-4F45-91EC-3316805523E1}.Release|Any CPU.ActiveCfg = Release|Any CPU
		{CCDAE36A-B6F2-4F45-91EC-3316805523E1}.Release|Any CPU.Build.0 = Release|Any CPU
		{52A79D06-39D2-436B-8D24-68FD2E1BC0FF}.Debug|Any CPU.ActiveCfg = Debug|Any CPU
		{52A79D06-39D2-436B-8D24-68FD2E1BC0FF}.Debug|Any CPU.Build.0 = Debug|Any CPU
		{52A79D06-39D2-436B-8D24-68FD2E1BC0FF}.Release|Any CPU.ActiveCfg = Release|Any CPU
		{52A79D06-39D2-436B-8D24-68FD2E1BC0FF}.Release|Any CPU.Build.0 = Release|Any CPU
		{ECCC30C1-E275-466C-A9B2-37D8A1FA856D}.Debug|Any CPU.ActiveCfg = Debug|Any CPU
		{ECCC30C1-E275-466C-A9B2-37D8A1FA856D}.Debug|Any CPU.Build.0 = Debug|Any CPU
		{ECCC30C1-E275-466C-A9B2-37D8A1FA856D}.Release|Any CPU.ActiveCfg = Release|Any CPU
		{ECCC30C1-E275-466C-A9B2-37D8A1FA856D}.Release|Any CPU.Build.0 = Release|Any CPU
		{AA070445-2F62-4364-B157-29081562B478}.Debug|Any CPU.ActiveCfg = Debug|Any CPU
		{AA070445-2F62-4364-B157-29081562B478}.Debug|Any CPU.Build.0 = Debug|Any CPU
		{AA070445-2F62-4364-B157-29081562B478}.Release|Any CPU.ActiveCfg = Release|Any CPU
		{AA070445-2F62-4364-B157-29081562B478}.Release|Any CPU.Build.0 = Release|Any CPU
		{7E64C186-15E9-4E9F-95CB-7B230D4926B0}.Debug|Any CPU.ActiveCfg = Debug|Any CPU
		{7E64C186-15E9-4E9F-95CB-7B230D4926B0}.Debug|Any CPU.Build.0 = Debug|Any CPU
		{7E64C186-15E9-4E9F-95CB-7B230D4926B0}.Release|Any CPU.ActiveCfg = Release|Any CPU
		{7E64C186-15E9-4E9F-95CB-7B230D4926B0}.Release|Any CPU.Build.0 = Release|Any CPU
		{EEAE0871-A6F5-49B1-834B-AEF0EACD4F21}.Debug|Any CPU.ActiveCfg = Debug|Any CPU
		{EEAE0871-A6F5-49B1-834B-AEF0EACD4F21}.Debug|Any CPU.Build.0 = Debug|Any CPU
		{EEAE0871-A6F5-49B1-834B-AEF0EACD4F21}.Release|Any CPU.ActiveCfg = Release|Any CPU
		{EEAE0871-A6F5-49B1-834B-AEF0EACD4F21}.Release|Any CPU.Build.0 = Release|Any CPU
		{E6B55C4A-98B4-49BA-8AD0-FA953207289D}.Debug|Any CPU.ActiveCfg = Debug|Any CPU
		{E6B55C4A-98B4-49BA-8AD0-FA953207289D}.Debug|Any CPU.Build.0 = Debug|Any CPU
		{E6B55C4A-98B4-49BA-8AD0-FA953207289D}.Release|Any CPU.ActiveCfg = Release|Any CPU
		{E6B55C4A-98B4-49BA-8AD0-FA953207289D}.Release|Any CPU.Build.0 = Release|Any CPU
		{626A477E-ACE6-47F5-A483-E33725A41995}.Debug|Any CPU.ActiveCfg = Debug|Any CPU
		{626A477E-ACE6-47F5-A483-E33725A41995}.Debug|Any CPU.Build.0 = Debug|Any CPU
		{626A477E-ACE6-47F5-A483-E33725A41995}.Release|Any CPU.ActiveCfg = Release|Any CPU
		{626A477E-ACE6-47F5-A483-E33725A41995}.Release|Any CPU.Build.0 = Release|Any CPU
		{103969E8-0F7C-4D75-9BA2-72FEF02FBDAA}.Debug|Any CPU.ActiveCfg = Debug|Any CPU
		{103969E8-0F7C-4D75-9BA2-72FEF02FBDAA}.Debug|Any CPU.Build.0 = Debug|Any CPU
		{103969E8-0F7C-4D75-9BA2-72FEF02FBDAA}.Release|Any CPU.ActiveCfg = Release|Any CPU
		{103969E8-0F7C-4D75-9BA2-72FEF02FBDAA}.Release|Any CPU.Build.0 = Release|Any CPU
		{D79F0118-BDC1-4620-923F-88B89F712847}.Debug|Any CPU.ActiveCfg = Debug|Any CPU
		{D79F0118-BDC1-4620-923F-88B89F712847}.Debug|Any CPU.Build.0 = Debug|Any CPU
		{D79F0118-BDC1-4620-923F-88B89F712847}.Release|Any CPU.ActiveCfg = Release|Any CPU
		{D79F0118-BDC1-4620-923F-88B89F712847}.Release|Any CPU.Build.0 = Release|Any CPU
		{B632A484-2390-45F9-A2BC-82F89D6C9C21}.Debug|Any CPU.ActiveCfg = Debug|Any CPU
		{B632A484-2390-45F9-A2BC-82F89D6C9C21}.Debug|Any CPU.Build.0 = Debug|Any CPU
		{B632A484-2390-45F9-A2BC-82F89D6C9C21}.Release|Any CPU.ActiveCfg = Release|Any CPU
		{B632A484-2390-45F9-A2BC-82F89D6C9C21}.Release|Any CPU.Build.0 = Release|Any CPU
		{61D6BA13-C049-4AAA-99ED-250CDD9E112E}.Debug|Any CPU.ActiveCfg = Debug|Any CPU
		{61D6BA13-C049-4AAA-99ED-250CDD9E112E}.Debug|Any CPU.Build.0 = Debug|Any CPU
		{61D6BA13-C049-4AAA-99ED-250CDD9E112E}.Release|Any CPU.ActiveCfg = Release|Any CPU
		{61D6BA13-C049-4AAA-99ED-250CDD9E112E}.Release|Any CPU.Build.0 = Release|Any CPU
		{D4922D8E-00BE-4F5F-8410-08EDE6C09D3E}.Debug|Any CPU.ActiveCfg = Debug|Any CPU
		{D4922D8E-00BE-4F5F-8410-08EDE6C09D3E}.Debug|Any CPU.Build.0 = Debug|Any CPU
		{D4922D8E-00BE-4F5F-8410-08EDE6C09D3E}.Release|Any CPU.ActiveCfg = Release|Any CPU
		{D4922D8E-00BE-4F5F-8410-08EDE6C09D3E}.Release|Any CPU.Build.0 = Release|Any CPU
		{0A6B083D-CFD6-4512-8602-B42CCF1FF430}.Debug|Any CPU.ActiveCfg = Debug|Any CPU
		{0A6B083D-CFD6-4512-8602-B42CCF1FF430}.Debug|Any CPU.Build.0 = Debug|Any CPU
		{0A6B083D-CFD6-4512-8602-B42CCF1FF430}.Release|Any CPU.ActiveCfg = Release|Any CPU
		{0A6B083D-CFD6-4512-8602-B42CCF1FF430}.Release|Any CPU.Build.0 = Release|Any CPU
		{69BBE5DF-7D57-4356-8CDE-D29D9E4E3020}.Debug|Any CPU.ActiveCfg = Debug|Any CPU
		{69BBE5DF-7D57-4356-8CDE-D29D9E4E3020}.Debug|Any CPU.Build.0 = Debug|Any CPU
		{69BBE5DF-7D57-4356-8CDE-D29D9E4E3020}.Release|Any CPU.ActiveCfg = Release|Any CPU
		{69BBE5DF-7D57-4356-8CDE-D29D9E4E3020}.Release|Any CPU.Build.0 = Release|Any CPU
		{24CD4A25-0E12-443C-8900-8DC35725FFD2}.Debug|Any CPU.ActiveCfg = Debug|Any CPU
		{24CD4A25-0E12-443C-8900-8DC35725FFD2}.Debug|Any CPU.Build.0 = Debug|Any CPU
		{24CD4A25-0E12-443C-8900-8DC35725FFD2}.Release|Any CPU.ActiveCfg = Release|Any CPU
		{24CD4A25-0E12-443C-8900-8DC35725FFD2}.Release|Any CPU.Build.0 = Release|Any CPU
		{5E151B40-1508-49C3-8119-A3CBD63F8D84}.Debug|Any CPU.ActiveCfg = Debug|Any CPU
		{5E151B40-1508-49C3-8119-A3CBD63F8D84}.Debug|Any CPU.Build.0 = Debug|Any CPU
		{5E151B40-1508-49C3-8119-A3CBD63F8D84}.Release|Any CPU.ActiveCfg = Release|Any CPU
		{5E151B40-1508-49C3-8119-A3CBD63F8D84}.Release|Any CPU.Build.0 = Release|Any CPU
		{7D1307B6-C99B-40B8-8EF7-B85F078E1439}.Debug|Any CPU.ActiveCfg = Debug|Any CPU
		{7D1307B6-C99B-40B8-8EF7-B85F078E1439}.Debug|Any CPU.Build.0 = Debug|Any CPU
		{7D1307B6-C99B-40B8-8EF7-B85F078E1439}.Release|Any CPU.ActiveCfg = Release|Any CPU
		{7D1307B6-C99B-40B8-8EF7-B85F078E1439}.Release|Any CPU.Build.0 = Release|Any CPU
		{3C30C4CD-A2C2-43A0-A40B-FDAFA0D24A56}.Debug|Any CPU.ActiveCfg = Debug|Any CPU
		{3C30C4CD-A2C2-43A0-A40B-FDAFA0D24A56}.Debug|Any CPU.Build.0 = Debug|Any CPU
		{3C30C4CD-A2C2-43A0-A40B-FDAFA0D24A56}.Release|Any CPU.ActiveCfg = Release|Any CPU
		{3C30C4CD-A2C2-43A0-A40B-FDAFA0D24A56}.Release|Any CPU.Build.0 = Release|Any CPU
		{280E1F1D-C031-423B-9E38-06435915ED78}.Debug|Any CPU.ActiveCfg = Debug|Any CPU
		{280E1F1D-C031-423B-9E38-06435915ED78}.Debug|Any CPU.Build.0 = Debug|Any CPU
		{280E1F1D-C031-423B-9E38-06435915ED78}.Release|Any CPU.ActiveCfg = Release|Any CPU
		{280E1F1D-C031-423B-9E38-06435915ED78}.Release|Any CPU.Build.0 = Release|Any CPU
		{D1D8C385-9FBA-4174-8FDA-FE723B3239EB}.Debug|Any CPU.ActiveCfg = Debug|Any CPU
		{D1D8C385-9FBA-4174-8FDA-FE723B3239EB}.Debug|Any CPU.Build.0 = Debug|Any CPU
		{D1D8C385-9FBA-4174-8FDA-FE723B3239EB}.Release|Any CPU.ActiveCfg = Release|Any CPU
		{D1D8C385-9FBA-4174-8FDA-FE723B3239EB}.Release|Any CPU.Build.0 = Release|Any CPU
		{0A60CB13-36F0-47A1-83A3-F0255806A97C}.Debug|Any CPU.ActiveCfg = Debug|Any CPU
		{0A60CB13-36F0-47A1-83A3-F0255806A97C}.Debug|Any CPU.Build.0 = Debug|Any CPU
		{0A60CB13-36F0-47A1-83A3-F0255806A97C}.Release|Any CPU.ActiveCfg = Release|Any CPU
		{0A60CB13-36F0-47A1-83A3-F0255806A97C}.Release|Any CPU.Build.0 = Release|Any CPU
		{BC65F9AF-97D9-4DBC-A299-FB3CCF371342}.Debug|Any CPU.ActiveCfg = Debug|Any CPU
		{BC65F9AF-97D9-4DBC-A299-FB3CCF371342}.Debug|Any CPU.Build.0 = Debug|Any CPU
		{BC65F9AF-97D9-4DBC-A299-FB3CCF371342}.Release|Any CPU.ActiveCfg = Release|Any CPU
		{BC65F9AF-97D9-4DBC-A299-FB3CCF371342}.Release|Any CPU.Build.0 = Release|Any CPU
		{72941BB7-608A-4F3E-A1D1-E0EB459516BA}.Debug|Any CPU.ActiveCfg = Debug|Any CPU
		{72941BB7-608A-4F3E-A1D1-E0EB459516BA}.Debug|Any CPU.Build.0 = Debug|Any CPU
		{72941BB7-608A-4F3E-A1D1-E0EB459516BA}.Release|Any CPU.ActiveCfg = Release|Any CPU
		{72941BB7-608A-4F3E-A1D1-E0EB459516BA}.Release|Any CPU.Build.0 = Release|Any CPU
	EndGlobalSection
	GlobalSection(SolutionProperties) = preSolution
		HideSolutionNode = FALSE
	EndGlobalSection
	GlobalSection(ExtensibilityGlobals) = postSolution
		SolutionGuid = {C2F17911-E144-48F0-BB86-33DE964EF795}
	EndGlobalSection
EndGlobal
