
Microsoft Visual Studio Solution File, Format Version 12.00
# Visual Studio Version 16
VisualStudioVersion = 16.0.28922.388
MinimumVisualStudioVersion = 10.0.40219.1
Project("{9A19103F-16F7-4668-BE54-9A1E7A4F7556}") = "Chapter01.01.IsUnique", "Chapter01.01.IsUnique\Chapter01.01.IsUnique.csproj", "{3CFE1655-3303-4C29-B0B7-8434F284C93C}"
EndProject
Project("{9A19103F-16F7-4668-BE54-9A1E7A4F7556}") = "Chapter01.02.CheckPermutation", "Chapter01.02.CheckPermutation\Chapter01.02.CheckPermutation.csproj", "{4E771737-B342-47FB-A49E-C319E39185A5}"
EndProject
Project("{9A19103F-16F7-4668-BE54-9A1E7A4F7556}") = "Chapter01.03.URLify", "Chapter01.03.URLify\Chapter01.03.URLify.csproj", "{786DC35E-8142-4525-A2D8-5BC20BAB156D}"
EndProject
Project("{9A19103F-16F7-4668-BE54-9A1E7A4F7556}") = "Chapter01.04.PalindromePermutation", "Chapter01.04.PalindromePermutation\Chapter01.04.PalindromePermutation.csproj", "{F9C4823A-8597-4A6C-A2A4-7F5605747F04}"
EndProject
Project("{9A19103F-16F7-4668-BE54-9A1E7A4F7556}") = "Chapter01.05.OneArray", "Chapter01.05.OneArray\Chapter01.05.OneArray.csproj", "{DBC105E3-B725-457C-B056-FFD6B82A8407}"
EndProject
Project("{9A19103F-16F7-4668-BE54-9A1E7A4F7556}") = "Chapter01.06.StringCompression", "Chapter01.06.StringCompression\Chapter01.06.StringCompression.csproj", "{D49C367B-333A-42D9-84D9-FE030200310D}"
EndProject
Project("{9A19103F-16F7-4668-BE54-9A1E7A4F7556}") = "Chapter02.01.RemoveDuplicateNode", "Chapter02.01.RemoveDuplicateNode\Chapter02.01.RemoveDuplicateNode.csproj", "{A2EF650C-5364-450E-9CE2-FF4EE5B25A3E}"
EndProject
Project("{9A19103F-16F7-4668-BE54-9A1E7A4F7556}") = "Chapter02.02.KthToLastElement", "Chapter02.02.KthToLastElement\Chapter02.02.KthToLastElement.csproj", "{DC5C9CA4-9661-44BC-9BF1-2EFEBCED8403}"
EndProject
Project("{9A19103F-16F7-4668-BE54-9A1E7A4F7556}") = "Chapter02.03.DeleteMiddleNode", "Chapter02.03.DeleteMiddleNode\Chapter02.03.DeleteMiddleNode.csproj", "{20845D61-B220-43F3-BA9C-B8EF59AE432C}"
EndProject
Project("{9A19103F-16F7-4668-BE54-9A1E7A4F7556}") = "Chapter02.04.PartitionLinkedList", "Chapter02.04.PartitionLinkedList\Chapter02.04.PartitionLinkedList.csproj", "{76E9818A-7C1D-4F9A-942C-D146F75B8736}"
EndProject
Project("{FAE04EC0-301F-11D3-BF4B-00C04F79EFBC}") = "Chapter02.05.Sum2List", "Chapter02.05.Sum2List\Chapter02.05.Sum2List.csproj", "{ADBE5A04-5789-43B8-8CAB-3FBF7AC9EEF5}"
EndProject
Project("{FAE04EC0-301F-11D3-BF4B-00C04F79EFBC}") = "Chapter02.06.IsPalindrome", "Chapter02.06.IsPalindrome\Chapter02.06.IsPalindrome.csproj", "{9831C9D9-546F-4A72-A2CC-12894A7FBB20}"
EndProject
Project("{FAE04EC0-301F-11D3-BF4B-00C04F79EFBC}") = "Chapter02.07.IntersectList", "Chapter02.07.IntersectList\Chapter02.07.IntersectList.csproj", "{C6A69BF2-F460-498C-B848-70C4C25A66CB}"
EndProject
Global
	GlobalSection(SolutionConfigurationPlatforms) = preSolution
		Debug|Any CPU = Debug|Any CPU
		Release|Any CPU = Release|Any CPU
	EndGlobalSection
	GlobalSection(ProjectConfigurationPlatforms) = postSolution
		{3CFE1655-3303-4C29-B0B7-8434F284C93C}.Debug|Any CPU.ActiveCfg = Debug|Any CPU
		{3CFE1655-3303-4C29-B0B7-8434F284C93C}.Debug|Any CPU.Build.0 = Debug|Any CPU
		{3CFE1655-3303-4C29-B0B7-8434F284C93C}.Release|Any CPU.ActiveCfg = Release|Any CPU
		{3CFE1655-3303-4C29-B0B7-8434F284C93C}.Release|Any CPU.Build.0 = Release|Any CPU
		{4E771737-B342-47FB-A49E-C319E39185A5}.Debug|Any CPU.ActiveCfg = Debug|Any CPU
		{4E771737-B342-47FB-A49E-C319E39185A5}.Debug|Any CPU.Build.0 = Debug|Any CPU
		{4E771737-B342-47FB-A49E-C319E39185A5}.Release|Any CPU.ActiveCfg = Release|Any CPU
		{4E771737-B342-47FB-A49E-C319E39185A5}.Release|Any CPU.Build.0 = Release|Any CPU
		{786DC35E-8142-4525-A2D8-5BC20BAB156D}.Debug|Any CPU.ActiveCfg = Debug|Any CPU
		{786DC35E-8142-4525-A2D8-5BC20BAB156D}.Debug|Any CPU.Build.0 = Debug|Any CPU
		{786DC35E-8142-4525-A2D8-5BC20BAB156D}.Release|Any CPU.ActiveCfg = Release|Any CPU
		{786DC35E-8142-4525-A2D8-5BC20BAB156D}.Release|Any CPU.Build.0 = Release|Any CPU
		{F9C4823A-8597-4A6C-A2A4-7F5605747F04}.Debug|Any CPU.ActiveCfg = Debug|Any CPU
		{F9C4823A-8597-4A6C-A2A4-7F5605747F04}.Debug|Any CPU.Build.0 = Debug|Any CPU
		{F9C4823A-8597-4A6C-A2A4-7F5605747F04}.Release|Any CPU.ActiveCfg = Release|Any CPU
		{F9C4823A-8597-4A6C-A2A4-7F5605747F04}.Release|Any CPU.Build.0 = Release|Any CPU
		{DBC105E3-B725-457C-B056-FFD6B82A8407}.Debug|Any CPU.ActiveCfg = Debug|Any CPU
		{DBC105E3-B725-457C-B056-FFD6B82A8407}.Debug|Any CPU.Build.0 = Debug|Any CPU
		{DBC105E3-B725-457C-B056-FFD6B82A8407}.Release|Any CPU.ActiveCfg = Release|Any CPU
		{DBC105E3-B725-457C-B056-FFD6B82A8407}.Release|Any CPU.Build.0 = Release|Any CPU
		{D49C367B-333A-42D9-84D9-FE030200310D}.Debug|Any CPU.ActiveCfg = Debug|Any CPU
		{D49C367B-333A-42D9-84D9-FE030200310D}.Debug|Any CPU.Build.0 = Debug|Any CPU
		{D49C367B-333A-42D9-84D9-FE030200310D}.Release|Any CPU.ActiveCfg = Release|Any CPU
		{D49C367B-333A-42D9-84D9-FE030200310D}.Release|Any CPU.Build.0 = Release|Any CPU
		{A2EF650C-5364-450E-9CE2-FF4EE5B25A3E}.Debug|Any CPU.ActiveCfg = Debug|Any CPU
		{A2EF650C-5364-450E-9CE2-FF4EE5B25A3E}.Debug|Any CPU.Build.0 = Debug|Any CPU
		{A2EF650C-5364-450E-9CE2-FF4EE5B25A3E}.Release|Any CPU.ActiveCfg = Release|Any CPU
		{A2EF650C-5364-450E-9CE2-FF4EE5B25A3E}.Release|Any CPU.Build.0 = Release|Any CPU
		{DC5C9CA4-9661-44BC-9BF1-2EFEBCED8403}.Debug|Any CPU.ActiveCfg = Debug|Any CPU
		{DC5C9CA4-9661-44BC-9BF1-2EFEBCED8403}.Debug|Any CPU.Build.0 = Debug|Any CPU
		{DC5C9CA4-9661-44BC-9BF1-2EFEBCED8403}.Release|Any CPU.ActiveCfg = Release|Any CPU
		{DC5C9CA4-9661-44BC-9BF1-2EFEBCED8403}.Release|Any CPU.Build.0 = Release|Any CPU
		{20845D61-B220-43F3-BA9C-B8EF59AE432C}.Debug|Any CPU.ActiveCfg = Debug|Any CPU
		{20845D61-B220-43F3-BA9C-B8EF59AE432C}.Debug|Any CPU.Build.0 = Debug|Any CPU
		{20845D61-B220-43F3-BA9C-B8EF59AE432C}.Release|Any CPU.ActiveCfg = Release|Any CPU
		{20845D61-B220-43F3-BA9C-B8EF59AE432C}.Release|Any CPU.Build.0 = Release|Any CPU
		{76E9818A-7C1D-4F9A-942C-D146F75B8736}.Debug|Any CPU.ActiveCfg = Debug|Any CPU
		{76E9818A-7C1D-4F9A-942C-D146F75B8736}.Debug|Any CPU.Build.0 = Debug|Any CPU
		{76E9818A-7C1D-4F9A-942C-D146F75B8736}.Release|Any CPU.ActiveCfg = Release|Any CPU
		{76E9818A-7C1D-4F9A-942C-D146F75B8736}.Release|Any CPU.Build.0 = Release|Any CPU
		{ADBE5A04-5789-43B8-8CAB-3FBF7AC9EEF5}.Debug|Any CPU.ActiveCfg = Debug|Any CPU
		{ADBE5A04-5789-43B8-8CAB-3FBF7AC9EEF5}.Debug|Any CPU.Build.0 = Debug|Any CPU
		{ADBE5A04-5789-43B8-8CAB-3FBF7AC9EEF5}.Release|Any CPU.ActiveCfg = Release|Any CPU
		{ADBE5A04-5789-43B8-8CAB-3FBF7AC9EEF5}.Release|Any CPU.Build.0 = Release|Any CPU
		{9831C9D9-546F-4A72-A2CC-12894A7FBB20}.Debug|Any CPU.ActiveCfg = Debug|Any CPU
		{9831C9D9-546F-4A72-A2CC-12894A7FBB20}.Debug|Any CPU.Build.0 = Debug|Any CPU
		{9831C9D9-546F-4A72-A2CC-12894A7FBB20}.Release|Any CPU.ActiveCfg = Release|Any CPU
		{9831C9D9-546F-4A72-A2CC-12894A7FBB20}.Release|Any CPU.Build.0 = Release|Any CPU
		{C6A69BF2-F460-498C-B848-70C4C25A66CB}.Debug|Any CPU.ActiveCfg = Debug|Any CPU
		{C6A69BF2-F460-498C-B848-70C4C25A66CB}.Debug|Any CPU.Build.0 = Debug|Any CPU
		{C6A69BF2-F460-498C-B848-70C4C25A66CB}.Release|Any CPU.ActiveCfg = Release|Any CPU
		{C6A69BF2-F460-498C-B848-70C4C25A66CB}.Release|Any CPU.Build.0 = Release|Any CPU
	EndGlobalSection
	GlobalSection(SolutionProperties) = preSolution
		HideSolutionNode = FALSE
	EndGlobalSection
	GlobalSection(ExtensibilityGlobals) = postSolution
		SolutionGuid = {47B4BDEE-09CE-4C88-9C2C-EE72C1A18A78}
	EndGlobalSection
EndGlobal
